
Microsoft Visual Studio Solution File, Format Version 12.00
# Visual Studio 15
VisualStudioVersion = 15.0.27004.2008
MinimumVisualStudioVersion = 10.0.40219.1
Project("{FAE04EC0-301F-11D3-BF4B-00C04F79EFBC}") = "HashtagNoDoom", "HashtagNoDoom\HashtagNoDoom.csproj", "{CC56BADD-855A-4814-A8A2-69C655AB8A8F}"
EndProject
Global
	GlobalSection(SolutionConfigurationPlatforms) = preSolution
		Debug|Any CPU = Debug|Any CPU
		Release|Any CPU = Release|Any CPU
	EndGlobalSection
	GlobalSection(ProjectConfigurationPlatforms) = postSolution
		{CC56BADD-855A-4814-A8A2-69C655AB8A8F}.Debug|Any CPU.ActiveCfg = Debug|Any CPU
		{CC56BADD-855A-4814-A8A2-69C655AB8A8F}.Debug|Any CPU.Build.0 = Debug|Any CPU
		{CC56BADD-855A-4814-A8A2-69C655AB8A8F}.Release|Any CPU.ActiveCfg = Release|Any CPU
		{CC56BADD-855A-4814-A8A2-69C655AB8A8F}.Release|Any CPU.Build.0 = Release|Any CPU
	EndGlobalSection
	GlobalSection(SolutionProperties) = preSolution
		HideSolutionNode = FALSE
	EndGlobalSection
	GlobalSection(ExtensibilityGlobals) = postSolution
		SolutionGuid = {CBC730D3-8E49-41A7-A572-6AA181693F51}
	EndGlobalSection
EndGlobal
